Microsoft Visual Studio Solution File, Format Version 12.00
# Visual Studio Version 17
VisualStudioVersion = 17.5.2.0
MinimumVisualStudioVersion = 10.0.40219.1
Project("{FAE04EC0-301F-11D3-BF4B-00C04F79EFBC}") = "Total-do-Dinheiro-da-parcelas-", "Total-do-Dinheiro-da-parcelas-.csproj", "{01B0C509-3405-9C7B-2F9F-38815A1D8EC6}"
EndProject
Global
	GlobalSection(SolutionConfigurationPlatforms) = preSolution
		Debug|Any CPU = Debug|Any CPU
		Release|Any CPU = Release|Any CPU
	EndGlobalSection
	GlobalSection(ProjectConfigurationPlatforms) = postSolution
		{01B0C509-3405-9C7B-2F9F-38815A1D8EC6}.Debug|Any CPU.ActiveCfg = Debug|Any CPU
		{01B0C509-3405-9C7B-2F9F-38815A1D8EC6}.Debug|Any CPU.Build.0 = Debug|Any CPU
		{01B0C509-3405-9C7B-2F9F-38815A1D8EC6}.Release|Any CPU.ActiveCfg = Release|Any CPU
		{01B0C509-3405-9C7B-2F9F-38815A1D8EC6}.Release|Any CPU.Build.0 = Release|Any CPU
	EndGlobalSection
	GlobalSection(SolutionProperties) = preSolution
		HideSolutionNode = FALSE
	EndGlobalSection
	GlobalSection(ExtensibilityGlobals) = postSolution
		SolutionGuid = {55E39AE3-0776-41AB-969D-4DDFA11A1702}
	EndGlobalSection
EndGlobal
